
Microsoft Visual Studio Solution File, Format Version 12.00
# Visual Studio 15
VisualStudioVersion = 15.0.26430.14
MinimumVisualStudioVersion = 10.0.40219.1
Project("{2150E333-8FDC-42A3-9474-1A3956D46DE8}") = "src", "src", "{38133F35-7BEA-4C0C-AA6E-50EE8CDB7360}"
EndProject
Project("{2150E333-8FDC-42A3-9474-1A3956D46DE8}") = "Solution Items", "Solution Items", "{9F929A59-25F0-40ED-A49C-515B0DE527BF}"
	ProjectSection(SolutionItems) = preProject
		Pack.ps1 = Pack.ps1
		performances.md = performances.md
		README.md = README.md
		Versions.ps1 = Versions.ps1
	EndProjectSection
EndProject
Project("{2150E333-8FDC-42A3-9474-1A3956D46DE8}") = "tests", "tests", "{6E44F257-F107-4287-9026-48BAE6CC41E5}"
EndProject
Project("{9A19103F-16F7-4668-BE54-9A1E7A4F7556}") = "Pattern.Core", "src\Pattern.Core\Pattern.Core.csproj", "{3A451DC6-7B3A-4000-BD3F-222ACF463E94}"
EndProject
Project("{9A19103F-16F7-4668-BE54-9A1E7A4F7556}") = "Pattern.Config", "src\Pattern.Config\Pattern.Config.csproj", "{12A8B944-08CF-4341-9CB2-81004BC2B97F}"
EndProject
Project("{9A19103F-16F7-4668-BE54-9A1E7A4F7556}") = "Pattern.Core.Interfaces", "src\Pattern.Core.Interfaces\Pattern.Core.Interfaces.csproj", "{83438130-B295-41BF-A473-82C9F8F1D321}"
EndProject
Project("{9A19103F-16F7-4668-BE54-9A1E7A4F7556}") = "Pattern.Core.Ninject", "src\Pattern.Core.Ninject\Pattern.Core.Ninject.csproj", "{8E33601C-F407-45DD-AF11-30BBDA4F4616}"
EndProject
Project("{9A19103F-16F7-4668-BE54-9A1E7A4F7556}") = "Pattern.Logging", "src\Pattern.Logging\Pattern.Logging.csproj", "{8BEF5A1E-9895-432E-9E0F-8F381405EFB5}"
EndProject
Project("{9A19103F-16F7-4668-BE54-9A1E7A4F7556}") = "Pattern.Logging.Log4net", "src\Pattern.Logging.Log4net\Pattern.Logging.Log4net.csproj", "{58D5FB76-A9AC-4C32-A2FB-B1F331962643}"
EndProject
Project("{9A19103F-16F7-4668-BE54-9A1E7A4F7556}") = "Pattern.Config.Tests", "tests\Pattern.Config.Tests\Pattern.Config.Tests.csproj", "{C74BEF6F-CE96-4DF8-A83D-CC2D62A30179}"
EndProject
Project("{9A19103F-16F7-4668-BE54-9A1E7A4F7556}") = "Pattern.Core.Tests", "tests\Pattern.Core.Tests\Pattern.Core.Tests.csproj", "{642F842D-0336-4C9E-A48B-478FB82F4207}"
EndProject
Project("{FAE04EC0-301F-11D3-BF4B-00C04F79EFBC}") = "Pattern.Mvvm", "src\Pattern.Mvvm\Pattern.Mvvm.csproj", "{F0BBE62E-CCBA-45FC-A08B-F1AB95CDD498}"
EndProject
Project("{FAE04EC0-301F-11D3-BF4B-00C04F79EFBC}") = "Pattern.Mvvm.Tests", "tests\Pattern.Mvvm.Tests\Pattern.Mvvm.Tests.csproj", "{AEEA2B74-2035-4483-8273-506132F77D17}"
EndProject
Project("{FAE04EC0-301F-11D3-BF4B-00C04F79EFBC}") = "Pattern.Tests.Xunit", "src\Pattern.Tests.Xunit\Pattern.Tests.Xunit.csproj", "{5DBE3FBD-110A-43BD-AE68-A304384FDCBB}"
EndProject
Project("{FAE04EC0-301F-11D3-BF4B-00C04F79EFBC}") = "Pattern.Module.Tests", "tests\Pattern.Module.Tests\Pattern.Module.Tests.csproj", "{AC5AE118-A856-4D01-B2DD-A83E423785D2}"
EndProject
Project("{FAE04EC0-301F-11D3-BF4B-00C04F79EFBC}") = "Pattern.Module", "src\Pattern.Module\Pattern.Module.csproj", "{4234429F-D5DD-488B-8531-739E0B7FA95D}"
EndProject
Project("{FAE04EC0-301F-11D3-BF4B-00C04F79EFBC}") = "Pattern.Mapper", "src\Pattern.Mapper\Pattern.Mapper.csproj", "{013B87E2-3EEE-40D5-90F2-6A30739F9CA3}"
EndProject
Project("{FAE04EC0-301F-11D3-BF4B-00C04F79EFBC}") = "Pattern.Mapper.Tests", "tests\Pattern.Mapper.Tests\Pattern.Mapper.Tests.csproj", "{C6B8A30D-3DDF-4F55-BB3C-9C63CC0967D0}"
EndProject
Project("{FAE04EC0-301F-11D3-BF4B-00C04F79EFBC}") = "Pattern.Web.Api", "src\Pattern.Web.Api\Pattern.Web.Api.csproj", "{375D0361-970A-4CE1-BA5D-6F57BBE8A1DB}"
EndProject
Project("{FAE04EC0-301F-11D3-BF4B-00C04F79EFBC}") = "Pattern.Perf", "Pattern.Perf\Pattern.Perf.csproj", "{865CF23D-2A6E-4DB7-9DE1-02B31E98E7E5}"
EndProject
Project("{FAE04EC0-301F-11D3-BF4B-00C04F79EFBC}") = "Pattern.Core.Unity", "src\Pattern.Core.Unity\Pattern.Core.Unity.csproj", "{8E6E9CDE-E344-4C18-B6F8-3E15FD902969}"
EndProject
Project("{FAE04EC0-301F-11D3-BF4B-00C04F79EFBC}") = "Pattern.Core.Autofac", "src\Pattern.Core.Autofac\Pattern.Core.Autofac.csproj", "{4861177D-BFCF-4A38-AC61-F5AD0AD28A2E}"
EndProject
Project("{FAE04EC0-301F-11D3-BF4B-00C04F79EFBC}") = "Pattern.Core.SimpleIoc", "src\Pattern.Core.SimpleIoc\Pattern.Core.SimpleIoc.csproj", "{53CFC21A-A9F3-4A87-A55E-89FDFBFEBD03}"
EndProject
Global
	GlobalSection(SolutionConfigurationPlatforms) = preSolution
		Debug|Any CPU = Debug|Any CPU
		Debug|x64 = Debug|x64
		Debug|x86 = Debug|x86
		Release|Any CPU = Release|Any CPU
		Release|x64 = Release|x64
		Release|x86 = Release|x86
	EndGlobalSection
	GlobalSection(ProjectConfigurationPlatforms) = postSolution
		{3A451DC6-7B3A-4000-BD3F-222ACF463E94}.Debug|Any CPU.ActiveCfg = Debug|Any CPU
		{3A451DC6-7B3A-4000-BD3F-222ACF463E94}.Debug|Any CPU.Build.0 = Debug|Any CPU
		{3A451DC6-7B3A-4000-BD3F-222ACF463E94}.Debug|x64.ActiveCfg = Debug|Any CPU
		{3A451DC6-7B3A-4000-BD3F-222ACF463E94}.Debug|x64.Build.0 = Debug|Any CPU
		{3A451DC6-7B3A-4000-BD3F-222ACF463E94}.Debug|x86.ActiveCfg = Debug|Any CPU
		{3A451DC6-7B3A-4000-BD3F-222ACF463E94}.Debug|x86.Build.0 = Debug|Any CPU
		{3A451DC6-7B3A-4000-BD3F-222ACF463E94}.Release|Any CPU.ActiveCfg = Release|Any CPU
		{3A451DC6-7B3A-4000-BD3F-222ACF463E94}.Release|Any CPU.Build.0 = Release|Any CPU
		{3A451DC6-7B3A-4000-BD3F-222ACF463E94}.Release|x64.ActiveCfg = Debug|Any CPU
		{3A451DC6-7B3A-4000-BD3F-222ACF463E94}.Release|x64.Build.0 = Debug|Any CPU
		{3A451DC6-7B3A-4000-BD3F-222ACF463E94}.Release|x86.ActiveCfg = Debug|Any CPU
		{3A451DC6-7B3A-4000-BD3F-222ACF463E94}.Release|x86.Build.0 = Debug|Any CPU
		{12A8B944-08CF-4341-9CB2-81004BC2B97F}.Debug|Any CPU.ActiveCfg = Debug|Any CPU
		{12A8B944-08CF-4341-9CB2-81004BC2B97F}.Debug|Any CPU.Build.0 = Debug|Any CPU
		{12A8B944-08CF-4341-9CB2-81004BC2B97F}.Debug|x64.ActiveCfg = Debug|Any CPU
		{12A8B944-08CF-4341-9CB2-81004BC2B97F}.Debug|x64.Build.0 = Debug|Any CPU
		{12A8B944-08CF-4341-9CB2-81004BC2B97F}.Debug|x86.ActiveCfg = Debug|Any CPU
		{12A8B944-08CF-4341-9CB2-81004BC2B97F}.Debug|x86.Build.0 = Debug|Any CPU
		{12A8B944-08CF-4341-9CB2-81004BC2B97F}.Release|Any CPU.ActiveCfg = Release|Any CPU
		{12A8B944-08CF-4341-9CB2-81004BC2B97F}.Release|Any CPU.Build.0 = Release|Any CPU
		{12A8B944-08CF-4341-9CB2-81004BC2B97F}.Release|x64.ActiveCfg = Debug|Any CPU
		{12A8B944-08CF-4341-9CB2-81004BC2B97F}.Release|x64.Build.0 = Debug|Any CPU
		{12A8B944-08CF-4341-9CB2-81004BC2B97F}.Release|x86.ActiveCfg = Debug|Any CPU
		{12A8B944-08CF-4341-9CB2-81004BC2B97F}.Release|x86.Build.0 = Debug|Any CPU
		{83438130-B295-41BF-A473-82C9F8F1D321}.Debug|Any CPU.ActiveCfg = Debug|Any CPU
		{83438130-B295-41BF-A473-82C9F8F1D321}.Debug|Any CPU.Build.0 = Debug|Any CPU
		{83438130-B295-41BF-A473-82C9F8F1D321}.Debug|x64.ActiveCfg = Debug|Any CPU
		{83438130-B295-41BF-A473-82C9F8F1D321}.Debug|x64.Build.0 = Debug|Any CPU
		{83438130-B295-41BF-A473-82C9F8F1D321}.Debug|x86.ActiveCfg = Debug|Any CPU
		{83438130-B295-41BF-A473-82C9F8F1D321}.Debug|x86.Build.0 = Debug|Any CPU
		{83438130-B295-41BF-A473-82C9F8F1D321}.Release|Any CPU.ActiveCfg = Release|Any CPU
		{83438130-B295-41BF-A473-82C9F8F1D321}.Release|Any CPU.Build.0 = Release|Any CPU
		{83438130-B295-41BF-A473-82C9F8F1D321}.Release|x64.ActiveCfg = Debug|Any CPU
		{83438130-B295-41BF-A473-82C9F8F1D321}.Release|x64.Build.0 = Debug|Any CPU
		{83438130-B295-41BF-A473-82C9F8F1D321}.Release|x86.ActiveCfg = Debug|Any CPU
		{83438130-B295-41BF-A473-82C9F8F1D321}.Release|x86.Build.0 = Debug|Any CPU
		{8E33601C-F407-45DD-AF11-30BBDA4F4616}.Debug|Any CPU.ActiveCfg = Debug|Any CPU
		{8E33601C-F407-45DD-AF11-30BBDA4F4616}.Debug|Any CPU.Build.0 = Debug|Any CPU
		{8E33601C-F407-45DD-AF11-30BBDA4F4616}.Debug|x64.ActiveCfg = Release|Any CPU
		{8E33601C-F407-45DD-AF11-30BBDA4F4616}.Debug|x64.Build.0 = Release|Any CPU
		{8E33601C-F407-45DD-AF11-30BBDA4F4616}.Debug|x86.ActiveCfg = Release|Any CPU
		{8E33601C-F407-45DD-AF11-30BBDA4F4616}.Debug|x86.Build.0 = Release|Any CPU
		{8E33601C-F407-45DD-AF11-30BBDA4F4616}.Release|Any CPU.ActiveCfg = Release|Any CPU
		{8E33601C-F407-45DD-AF11-30BBDA4F4616}.Release|Any CPU.Build.0 = Release|Any CPU
		{8E33601C-F407-45DD-AF11-30BBDA4F4616}.Release|x64.ActiveCfg = Release|Any CPU
		{8E33601C-F407-45DD-AF11-30BBDA4F4616}.Release|x64.Build.0 = Release|Any CPU
		{8E33601C-F407-45DD-AF11-30BBDA4F4616}.Release|x86.ActiveCfg = Release|Any CPU
		{8E33601C-F407-45DD-AF11-30BBDA4F4616}.Release|x86.Build.0 = Release|Any CPU
		{8BEF5A1E-9895-432E-9E0F-8F381405EFB5}.Debug|Any CPU.ActiveCfg = Debug|Any CPU
		{8BEF5A1E-9895-432E-9E0F-8F381405EFB5}.Debug|Any CPU.Build.0 = Debug|Any CPU
		{8BEF5A1E-9895-432E-9E0F-8F381405EFB5}.Debug|x64.ActiveCfg = Release|Any CPU
		{8BEF5A1E-9895-432E-9E0F-8F381405EFB5}.Debug|x64.Build.0 = Release|Any CPU
		{8BEF5A1E-9895-432E-9E0F-8F381405EFB5}.Debug|x86.ActiveCfg = Release|Any CPU
		{8BEF5A1E-9895-432E-9E0F-8F381405EFB5}.Debug|x86.Build.0 = Release|Any CPU
		{8BEF5A1E-9895-432E-9E0F-8F381405EFB5}.Release|Any CPU.ActiveCfg = Release|Any CPU
		{8BEF5A1E-9895-432E-9E0F-8F381405EFB5}.Release|Any CPU.Build.0 = Release|Any CPU
		{8BEF5A1E-9895-432E-9E0F-8F381405EFB5}.Release|x64.ActiveCfg = Release|Any CPU
		{8BEF5A1E-9895-432E-9E0F-8F381405EFB5}.Release|x64.Build.0 = Release|Any CPU
		{8BEF5A1E-9895-432E-9E0F-8F381405EFB5}.Release|x86.ActiveCfg = Release|Any CPU
		{8BEF5A1E-9895-432E-9E0F-8F381405EFB5}.Release|x86.Build.0 = Release|Any CPU
		{58D5FB76-A9AC-4C32-A2FB-B1F331962643}.Debug|Any CPU.ActiveCfg = Debug|Any CPU
		{58D5FB76-A9AC-4C32-A2FB-B1F331962643}.Debug|Any CPU.Build.0 = Debug|Any CPU
		{58D5FB76-A9AC-4C32-A2FB-B1F331962643}.Debug|x64.ActiveCfg = Debug|Any CPU
		{58D5FB76-A9AC-4C32-A2FB-B1F331962643}.Debug|x64.Build.0 = Debug|Any CPU
		{58D5FB76-A9AC-4C32-A2FB-B1F331962643}.Debug|x86.ActiveCfg = Debug|Any CPU
		{58D5FB76-A9AC-4C32-A2FB-B1F331962643}.Debug|x86.Build.0 = Debug|Any CPU
		{58D5FB76-A9AC-4C32-A2FB-B1F331962643}.Release|Any CPU.ActiveCfg = Release|Any CPU
		{58D5FB76-A9AC-4C32-A2FB-B1F331962643}.Release|Any CPU.Build.0 = Release|Any CPU
		{58D5FB76-A9AC-4C32-A2FB-B1F331962643}.Release|x64.ActiveCfg = Debug|Any CPU
		{58D5FB76-A9AC-4C32-A2FB-B1F331962643}.Release|x64.Build.0 = Debug|Any CPU
		{58D5FB76-A9AC-4C32-A2FB-B1F331962643}.Release|x86.ActiveCfg = Debug|Any CPU
		{58D5FB76-A9AC-4C32-A2FB-B1F331962643}.Release|x86.Build.0 = Debug|Any CPU
		{C74BEF6F-CE96-4DF8-A83D-CC2D62A30179}.Debug|Any CPU.ActiveCfg = Debug|Any CPU
		{C74BEF6F-CE96-4DF8-A83D-CC2D62A30179}.Debug|Any CPU.Build.0 = Debug|Any CPU
		{C74BEF6F-CE96-4DF8-A83D-CC2D62A30179}.Debug|x64.ActiveCfg = Debug|Any CPU
		{C74BEF6F-CE96-4DF8-A83D-CC2D62A30179}.Debug|x64.Build.0 = Debug|Any CPU
		{C74BEF6F-CE96-4DF8-A83D-CC2D62A30179}.Debug|x86.ActiveCfg = Debug|Any CPU
		{C74BEF6F-CE96-4DF8-A83D-CC2D62A30179}.Debug|x86.Build.0 = Debug|Any CPU
		{C74BEF6F-CE96-4DF8-A83D-CC2D62A30179}.Release|Any CPU.ActiveCfg = Release|Any CPU
		{C74BEF6F-CE96-4DF8-A83D-CC2D62A30179}.Release|Any CPU.Build.0 = Release|Any CPU
		{C74BEF6F-CE96-4DF8-A83D-CC2D62A30179}.Release|x64.ActiveCfg = Debug|Any CPU
		{C74BEF6F-CE96-4DF8-A83D-CC2D62A30179}.Release|x64.Build.0 = Debug|Any CPU
		{C74BEF6F-CE96-4DF8-A83D-CC2D62A30179}.Release|x86.ActiveCfg = Debug|Any CPU
		{C74BEF6F-CE96-4DF8-A83D-CC2D62A30179}.Release|x86.Build.0 = Debug|Any CPU
		{642F842D-0336-4C9E-A48B-478FB82F4207}.Debug|Any CPU.ActiveCfg = Debug|Any CPU
		{642F842D-0336-4C9E-A48B-478FB82F4207}.Debug|Any CPU.Build.0 = Debug|Any CPU
		{642F842D-0336-4C9E-A48B-478FB82F4207}.Debug|x64.ActiveCfg = Debug|Any CPU
		{642F842D-0336-4C9E-A48B-478FB82F4207}.Debug|x64.Build.0 = Debug|Any CPU
		{642F842D-0336-4C9E-A48B-478FB82F4207}.Debug|x86.ActiveCfg = Debug|Any CPU
		{642F842D-0336-4C9E-A48B-478FB82F4207}.Debug|x86.Build.0 = Debug|Any CPU
		{642F842D-0336-4C9E-A48B-478FB82F4207}.Release|Any CPU.ActiveCfg = Release|Any CPU
		{642F842D-0336-4C9E-A48B-478FB82F4207}.Release|Any CPU.Build.0 = Release|Any CPU
		{642F842D-0336-4C9E-A48B-478FB82F4207}.Release|x64.ActiveCfg = Debug|Any CPU
		{642F842D-0336-4C9E-A48B-478FB82F4207}.Release|x64.Build.0 = Debug|Any CPU
		{642F842D-0336-4C9E-A48B-478FB82F4207}.Release|x86.ActiveCfg = Debug|Any CPU
		{642F842D-0336-4C9E-A48B-478FB82F4207}.Release|x86.Build.0 = Debug|Any CPU
		{F0BBE62E-CCBA-45FC-A08B-F1AB95CDD498}.Debug|Any CPU.ActiveCfg = Debug|Any CPU
		{F0BBE62E-CCBA-45FC-A08B-F1AB95CDD498}.Debug|Any CPU.Build.0 = Debug|Any CPU
		{F0BBE62E-CCBA-45FC-A08B-F1AB95CDD498}.Debug|x64.ActiveCfg = Debug|Any CPU
		{F0BBE62E-CCBA-45FC-A08B-F1AB95CDD498}.Debug|x64.Build.0 = Debug|Any CPU
		{F0BBE62E-CCBA-45FC-A08B-F1AB95CDD498}.Debug|x86.ActiveCfg = Debug|Any CPU
		{F0BBE62E-CCBA-45FC-A08B-F1AB95CDD498}.Debug|x86.Build.0 = Debug|Any CPU
		{F0BBE62E-CCBA-45FC-A08B-F1AB95CDD498}.Release|Any CPU.ActiveCfg = Release|Any CPU
		{F0BBE62E-CCBA-45FC-A08B-F1AB95CDD498}.Release|Any CPU.Build.0 = Release|Any CPU
		{F0BBE62E-CCBA-45FC-A08B-F1AB95CDD498}.Release|x64.ActiveCfg = Release|Any CPU
		{F0BBE62E-CCBA-45FC-A08B-F1AB95CDD498}.Release|x64.Build.0 = Release|Any CPU
		{F0BBE62E-CCBA-45FC-A08B-F1AB95CDD498}.Release|x86.ActiveCfg = Release|Any CPU
		{F0BBE62E-CCBA-45FC-A08B-F1AB95CDD498}.Release|x86.Build.0 = Release|Any CPU
		{AEEA2B74-2035-4483-8273-506132F77D17}.Debug|Any CPU.ActiveCfg = Debug|Any CPU
		{AEEA2B74-2035-4483-8273-506132F77D17}.Debug|Any CPU.Build.0 = Debug|Any CPU
		{AEEA2B74-2035-4483-8273-506132F77D17}.Debug|x64.ActiveCfg = Debug|Any CPU
		{AEEA2B74-2035-4483-8273-506132F77D17}.Debug|x64.Build.0 = Debug|Any CPU
		{AEEA2B74-2035-4483-8273-506132F77D17}.Debug|x86.ActiveCfg = Debug|Any CPU
		{AEEA2B74-2035-4483-8273-506132F77D17}.Debug|x86.Build.0 = Debug|Any CPU
		{AEEA2B74-2035-4483-8273-506132F77D17}.Release|Any CPU.ActiveCfg = Release|Any CPU
		{AEEA2B74-2035-4483-8273-506132F77D17}.Release|Any CPU.Build.0 = Release|Any CPU
		{AEEA2B74-2035-4483-8273-506132F77D17}.Release|x64.ActiveCfg = Release|Any CPU
		{AEEA2B74-2035-4483-8273-506132F77D17}.Release|x64.Build.0 = Release|Any CPU
		{AEEA2B74-2035-4483-8273-506132F77D17}.Release|x86.ActiveCfg = Release|Any CPU
		{AEEA2B74-2035-4483-8273-506132F77D17}.Release|x86.Build.0 = Release|Any CPU
		{5DBE3FBD-110A-43BD-AE68-A304384FDCBB}.Debug|Any CPU.ActiveCfg = Debug|Any CPU
		{5DBE3FBD-110A-43BD-AE68-A304384FDCBB}.Debug|Any CPU.Build.0 = Debug|Any CPU
		{5DBE3FBD-110A-43BD-AE68-A304384FDCBB}.Debug|x64.ActiveCfg = Debug|Any CPU
		{5DBE3FBD-110A-43BD-AE68-A304384FDCBB}.Debug|x64.Build.0 = Debug|Any CPU
		{5DBE3FBD-110A-43BD-AE68-A304384FDCBB}.Debug|x86.ActiveCfg = Debug|Any CPU
		{5DBE3FBD-110A-43BD-AE68-A304384FDCBB}.Debug|x86.Build.0 = Debug|Any CPU
		{5DBE3FBD-110A-43BD-AE68-A304384FDCBB}.Release|Any CPU.ActiveCfg = Release|Any CPU
		{5DBE3FBD-110A-43BD-AE68-A304384FDCBB}.Release|Any CPU.Build.0 = Release|Any CPU
		{5DBE3FBD-110A-43BD-AE68-A304384FDCBB}.Release|x64.ActiveCfg = Release|Any CPU
		{5DBE3FBD-110A-43BD-AE68-A304384FDCBB}.Release|x64.Build.0 = Release|Any CPU
		{5DBE3FBD-110A-43BD-AE68-A304384FDCBB}.Release|x86.ActiveCfg = Release|Any CPU
		{5DBE3FBD-110A-43BD-AE68-A304384FDCBB}.Release|x86.Build.0 = Release|Any CPU
		{AC5AE118-A856-4D01-B2DD-A83E423785D2}.Debug|Any CPU.ActiveCfg = Debug|Any CPU
		{AC5AE118-A856-4D01-B2DD-A83E423785D2}.Debug|Any CPU.Build.0 = Debug|Any CPU
		{AC5AE118-A856-4D01-B2DD-A83E423785D2}.Debug|x64.ActiveCfg = Debug|Any CPU
		{AC5AE118-A856-4D01-B2DD-A83E423785D2}.Debug|x64.Build.0 = Debug|Any CPU
		{AC5AE118-A856-4D01-B2DD-A83E423785D2}.Debug|x86.ActiveCfg = Debug|Any CPU
		{AC5AE118-A856-4D01-B2DD-A83E423785D2}.Debug|x86.Build.0 = Debug|Any CPU
		{AC5AE118-A856-4D01-B2DD-A83E423785D2}.Release|Any CPU.ActiveCfg = Release|Any CPU
		{AC5AE118-A856-4D01-B2DD-A83E423785D2}.Release|Any CPU.Build.0 = Release|Any CPU
		{AC5AE118-A856-4D01-B2DD-A83E423785D2}.Release|x64.ActiveCfg = Release|Any CPU
		{AC5AE118-A856-4D01-B2DD-A83E423785D2}.Release|x64.Build.0 = Release|Any CPU
		{AC5AE118-A856-4D01-B2DD-A83E423785D2}.Release|x86.ActiveCfg = Release|Any CPU
		{AC5AE118-A856-4D01-B2DD-A83E423785D2}.Release|x86.Build.0 = Release|Any CPU
		{4234429F-D5DD-488B-8531-739E0B7FA95D}.Debug|Any CPU.ActiveCfg = Debug|Any CPU
		{4234429F-D5DD-488B-8531-739E0B7FA95D}.Debug|Any CPU.Build.0 = Debug|Any CPU
		{4234429F-D5DD-488B-8531-739E0B7FA95D}.Debug|x64.ActiveCfg = Debug|Any CPU
		{4234429F-D5DD-488B-8531-739E0B7FA95D}.Debug|x64.Build.0 = Debug|Any CPU
		{4234429F-D5DD-488B-8531-739E0B7FA95D}.Debug|x86.ActiveCfg = Debug|Any CPU
		{4234429F-D5DD-488B-8531-739E0B7FA95D}.Debug|x86.Build.0 = Debug|Any CPU
		{4234429F-D5DD-488B-8531-739E0B7FA95D}.Release|Any CPU.ActiveCfg = Release|Any CPU
		{4234429F-D5DD-488B-8531-739E0B7FA95D}.Release|Any CPU.Build.0 = Release|Any CPU
		{4234429F-D5DD-488B-8531-739E0B7FA95D}.Release|x64.ActiveCfg = Release|Any CPU
		{4234429F-D5DD-488B-8531-739E0B7FA95D}.Release|x64.Build.0 = Release|Any CPU
		{4234429F-D5DD-488B-8531-739E0B7FA95D}.Release|x86.ActiveCfg = Release|Any CPU
		{4234429F-D5DD-488B-8531-739E0B7FA95D}.Release|x86.Build.0 = Release|Any CPU
		{013B87E2-3EEE-40D5-90F2-6A30739F9CA3}.Debug|Any CPU.ActiveCfg = Debug|Any CPU
		{013B87E2-3EEE-40D5-90F2-6A30739F9CA3}.Debug|Any CPU.Build.0 = Debug|Any CPU
		{013B87E2-3EEE-40D5-90F2-6A30739F9CA3}.Debug|x64.ActiveCfg = Debug|Any CPU
		{013B87E2-3EEE-40D5-90F2-6A30739F9CA3}.Debug|x64.Build.0 = Debug|Any CPU
		{013B87E2-3EEE-40D5-90F2-6A30739F9CA3}.Debug|x86.ActiveCfg = Debug|Any CPU
		{013B87E2-3EEE-40D5-90F2-6A30739F9CA3}.Debug|x86.Build.0 = Debug|Any CPU
		{013B87E2-3EEE-40D5-90F2-6A30739F9CA3}.Release|Any CPU.ActiveCfg = Release|Any CPU
		{013B87E2-3EEE-40D5-90F2-6A30739F9CA3}.Release|Any CPU.Build.0 = Release|Any CPU
		{013B87E2-3EEE-40D5-90F2-6A30739F9CA3}.Release|x64.ActiveCfg = Release|Any CPU
		{013B87E2-3EEE-40D5-90F2-6A30739F9CA3}.Release|x64.Build.0 = Release|Any CPU
		{013B87E2-3EEE-40D5-90F2-6A30739F9CA3}.Release|x86.ActiveCfg = Release|Any CPU
		{013B87E2-3EEE-40D5-90F2-6A30739F9CA3}.Release|x86.Build.0 = Release|Any CPU
		{C6B8A30D-3DDF-4F55-BB3C-9C63CC0967D0}.Debug|Any CPU.ActiveCfg = Debug|Any CPU
		{C6B8A30D-3DDF-4F55-BB3C-9C63CC0967D0}.Debug|Any CPU.Build.0 = Debug|Any CPU
		{C6B8A30D-3DDF-4F55-BB3C-9C63CC0967D0}.Debug|x64.ActiveCfg = Debug|Any CPU
		{C6B8A30D-3DDF-4F55-BB3C-9C63CC0967D0}.Debug|x64.Build.0 = Debug|Any CPU
		{C6B8A30D-3DDF-4F55-BB3C-9C63CC0967D0}.Debug|x86.ActiveCfg = Debug|Any CPU
		{C6B8A30D-3DDF-4F55-BB3C-9C63CC0967D0}.Debug|x86.Build.0 = Debug|Any CPU
		{C6B8A30D-3DDF-4F55-BB3C-9C63CC0967D0}.Release|Any CPU.ActiveCfg = Release|Any CPU
		{C6B8A30D-3DDF-4F55-BB3C-9C63CC0967D0}.Release|Any CPU.Build.0 = Release|Any CPU
		{C6B8A30D-3DDF-4F55-BB3C-9C63CC0967D0}.Release|x64.ActiveCfg = Release|Any CPU
		{C6B8A30D-3DDF-4F55-BB3C-9C63CC0967D0}.Release|x64.Build.0 = Release|Any CPU
		{C6B8A30D-3DDF-4F55-BB3C-9C63CC0967D0}.Release|x86.ActiveCfg = Release|Any CPU
		{C6B8A30D-3DDF-4F55-BB3C-9C63CC0967D0}.Release|x86.Build.0 = Release|Any CPU
		{375D0361-970A-4CE1-BA5D-6F57BBE8A1DB}.Debug|Any CPU.ActiveCfg = Debug|Any CPU
		{375D0361-970A-4CE1-BA5D-6F57BBE8A1DB}.Debug|Any CPU.Build.0 = Debug|Any CPU
		{375D0361-970A-4CE1-BA5D-6F57BBE8A1DB}.Debug|x64.ActiveCfg = Debug|Any CPU
		{375D0361-970A-4CE1-BA5D-6F57BBE8A1DB}.Debug|x64.Build.0 = Debug|Any CPU
		{375D0361-970A-4CE1-BA5D-6F57BBE8A1DB}.Debug|x86.ActiveCfg = Debug|Any CPU
		{375D0361-970A-4CE1-BA5D-6F57BBE8A1DB}.Debug|x86.Build.0 = Debug|Any CPU
		{375D0361-970A-4CE1-BA5D-6F57BBE8A1DB}.Release|Any CPU.ActiveCfg = Release|Any CPU
		{375D0361-970A-4CE1-BA5D-6F57BBE8A1DB}.Release|Any CPU.Build.0 = Release|Any CPU
		{375D0361-970A-4CE1-BA5D-6F57BBE8A1DB}.Release|x64.ActiveCfg = Release|Any CPU
		{375D0361-970A-4CE1-BA5D-6F57BBE8A1DB}.Release|x64.Build.0 = Release|Any CPU
		{375D0361-970A-4CE1-BA5D-6F57BBE8A1DB}.Release|x86.ActiveCfg = Release|Any CPU
		{375D0361-970A-4CE1-BA5D-6F57BBE8A1DB}.Release|x86.Build.0 = Release|Any CPU
		{865CF23D-2A6E-4DB7-9DE1-02B31E98E7E5}.Debug|Any CPU.ActiveCfg = Debug|Any CPU
		{865CF23D-2A6E-4DB7-9DE1-02B31E98E7E5}.Debug|Any CPU.Build.0 = Debug|Any CPU
		{865CF23D-2A6E-4DB7-9DE1-02B31E98E7E5}.Debug|x64.ActiveCfg = Debug|Any CPU
		{865CF23D-2A6E-4DB7-9DE1-02B31E98E7E5}.Debug|x64.Build.0 = Debug|Any CPU
		{865CF23D-2A6E-4DB7-9DE1-02B31E98E7E5}.Debug|x86.ActiveCfg = Debug|Any CPU
		{865CF23D-2A6E-4DB7-9DE1-02B31E98E7E5}.Debug|x86.Build.0 = Debug|Any CPU
		{865CF23D-2A6E-4DB7-9DE1-02B31E98E7E5}.Release|Any CPU.ActiveCfg = Release|Any CPU
		{865CF23D-2A6E-4DB7-9DE1-02B31E98E7E5}.Release|Any CPU.Build.0 = Release|Any CPU
		{865CF23D-2A6E-4DB7-9DE1-02B31E98E7E5}.Release|x64.ActiveCfg = Release|Any CPU
		{865CF23D-2A6E-4DB7-9DE1-02B31E98E7E5}.Release|x64.Build.0 = Release|Any CPU
		{865CF23D-2A6E-4DB7-9DE1-02B31E98E7E5}.Release|x86.ActiveCfg = Release|Any CPU
		{865CF23D-2A6E-4DB7-9DE1-02B31E98E7E5}.Release|x86.Build.0 = Release|Any CPU
		{8E6E9CDE-E344-4C18-B6F8-3E15FD902969}.Debug|Any CPU.ActiveCfg = Debug|Any CPU
		{8E6E9CDE-E344-4C18-B6F8-3E15FD902969}.Debug|Any CPU.Build.0 = Debug|Any CPU
		{8E6E9CDE-E344-4C18-B6F8-3E15FD902969}.Debug|x64.ActiveCfg = Debug|Any CPU
		{8E6E9CDE-E344-4C18-B6F8-3E15FD902969}.Debug|x64.Build.0 = Debug|Any CPU
		{8E6E9CDE-E344-4C18-B6F8-3E15FD902969}.Debug|x86.ActiveCfg = Debug|Any CPU
		{8E6E9CDE-E344-4C18-B6F8-3E15FD902969}.Debug|x86.Build.0 = Debug|Any CPU
		{8E6E9CDE-E344-4C18-B6F8-3E15FD902969}.Release|Any CPU.ActiveCfg = Release|Any CPU
		{8E6E9CDE-E344-4C18-B6F8-3E15FD902969}.Release|Any CPU.Build.0 = Release|Any CPU
		{8E6E9CDE-E344-4C18-B6F8-3E15FD902969}.Release|x64.ActiveCfg = Release|Any CPU
		{8E6E9CDE-E344-4C18-B6F8-3E15FD902969}.Release|x64.Build.0 = Release|Any CPU
		{8E6E9CDE-E344-4C18-B6F8-3E15FD902969}.Release|x86.ActiveCfg = Release|Any CPU
		{8E6E9CDE-E344-4C18-B6F8-3E15FD902969}.Release|x86.Build.0 = Release|Any CPU
		{4861177D-BFCF-4A38-AC61-F5AD0AD28A2E}.Debug|Any CPU.ActiveCfg = Debug|Any CPU
		{4861177D-BFCF-4A38-AC61-F5AD0AD28A2E}.Debug|Any CPU.Build.0 = Debug|Any CPU
		{4861177D-BFCF-4A38-AC61-F5AD0AD28A2E}.Debug|x64.ActiveCfg = Debug|Any CPU
		{4861177D-BFCF-4A38-AC61-F5AD0AD28A2E}.Debug|x64.Build.0 = Debug|Any CPU
		{4861177D-BFCF-4A38-AC61-F5AD0AD28A2E}.Debug|x86.ActiveCfg = Debug|Any CPU
		{4861177D-BFCF-4A38-AC61-F5AD0AD28A2E}.Debug|x86.Build.0 = Debug|Any CPU
		{4861177D-BFCF-4A38-AC61-F5AD0AD28A2E}.Release|Any CPU.ActiveCfg = Release|Any CPU
		{4861177D-BFCF-4A38-AC61-F5AD0AD28A2E}.Release|Any CPU.Build.0 = Release|Any CPU
		{4861177D-BFCF-4A38-AC61-F5AD0AD28A2E}.Release|x64.ActiveCfg = Release|Any CPU
		{4861177D-BFCF-4A38-AC61-F5AD0AD28A2E}.Release|x64.Build.0 = Release|Any CPU
		{4861177D-BFCF-4A38-AC61-F5AD0AD28A2E}.Release|x86.ActiveCfg = Release|Any CPU
		{4861177D-BFCF-4A38-AC61-F5AD0AD28A2E}.Release|x86.Build.0 = Release|Any CPU
		{53CFC21A-A9F3-4A87-A55E-89FDFBFEBD03}.Debug|Any CPU.ActiveCfg = Debug|Any CPU
		{53CFC21A-A9F3-4A87-A55E-89FDFBFEBD03}.Debug|Any CPU.Build.0 = Debug|Any CPU
		{53CFC21A-A9F3-4A87-A55E-89FDFBFEBD03}.Debug|x64.ActiveCfg = Debug|Any CPU
		{53CFC21A-A9F3-4A87-A55E-89FDFBFEBD03}.Debug|x64.Build.0 = Debug|Any CPU
		{53CFC21A-A9F3-4A87-A55E-89FDFBFEBD03}.Debug|x86.ActiveCfg = Debug|Any CPU
		{53CFC21A-A9F3-4A87-A55E-89FDFBFEBD03}.Debug|x86.Build.0 = Debug|Any CPU
		{53CFC21A-A9F3-4A87-A55E-89FDFBFEBD03}.Release|Any CPU.ActiveCfg = Release|Any CPU
		{53CFC21A-A9F3-4A87-A55E-89FDFBFEBD03}.Release|Any CPU.Build.0 = Release|Any CPU
		{53CFC21A-A9F3-4A87-A55E-89FDFBFEBD03}.Release|x64.ActiveCfg = Release|Any CPU
		{53CFC21A-A9F3-4A87-A55E-89FDFBFEBD03}.Release|x64.Build.0 = Release|Any CPU
		{53CFC21A-A9F3-4A87-A55E-89FDFBFEBD03}.Release|x86.ActiveCfg = Release|Any CPU
		{53CFC21A-A9F3-4A87-A55E-89FDFBFEBD03}.Release|x86.Build.0 = Release|Any CPU
	EndGlobalSection
	GlobalSection(SolutionProperties) = preSolution
		HideSolutionNode = FALSE
	EndGlobalSection
	GlobalSection(NestedProjects) = preSolution
		{3A451DC6-7B3A-4000-BD3F-222ACF463E94} = {38133F35-7BEA-4C0C-AA6E-50EE8CDB7360}
		{12A8B944-08CF-4341-9CB2-81004BC2B97F} = {38133F35-7BEA-4C0C-AA6E-50EE8CDB7360}
		{83438130-B295-41BF-A473-82C9F8F1D321} = {38133F35-7BEA-4C0C-AA6E-50EE8CDB7360}
		{8E33601C-F407-45DD-AF11-30BBDA4F4616} = {38133F35-7BEA-4C0C-AA6E-50EE8CDB7360}
		{8BEF5A1E-9895-432E-9E0F-8F381405EFB5} = {38133F35-7BEA-4C0C-AA6E-50EE8CDB7360}
		{58D5FB76-A9AC-4C32-A2FB-B1F331962643} = {38133F35-7BEA-4C0C-AA6E-50EE8CDB7360}
		{C74BEF6F-CE96-4DF8-A83D-CC2D62A30179} = {6E44F257-F107-4287-9026-48BAE6CC41E5}
		{642F842D-0336-4C9E-A48B-478FB82F4207} = {6E44F257-F107-4287-9026-48BAE6CC41E5}
		{F0BBE62E-CCBA-45FC-A08B-F1AB95CDD498} = {38133F35-7BEA-4C0C-AA6E-50EE8CDB7360}
		{AEEA2B74-2035-4483-8273-506132F77D17} = {6E44F257-F107-4287-9026-48BAE6CC41E5}
		{5DBE3FBD-110A-43BD-AE68-A304384FDCBB} = {38133F35-7BEA-4C0C-AA6E-50EE8CDB7360}
		{AC5AE118-A856-4D01-B2DD-A83E423785D2} = {6E44F257-F107-4287-9026-48BAE6CC41E5}
		{4234429F-D5DD-488B-8531-739E0B7FA95D} = {38133F35-7BEA-4C0C-AA6E-50EE8CDB7360}
		{013B87E2-3EEE-40D5-90F2-6A30739F9CA3} = {38133F35-7BEA-4C0C-AA6E-50EE8CDB7360}
		{C6B8A30D-3DDF-4F55-BB3C-9C63CC0967D0} = {6E44F257-F107-4287-9026-48BAE6CC41E5}
		{375D0361-970A-4CE1-BA5D-6F57BBE8A1DB} = {38133F35-7BEA-4C0C-AA6E-50EE8CDB7360}
		{865CF23D-2A6E-4DB7-9DE1-02B31E98E7E5} = {38133F35-7BEA-4C0C-AA6E-50EE8CDB7360}
		{8E6E9CDE-E344-4C18-B6F8-3E15FD902969} = {38133F35-7BEA-4C0C-AA6E-50EE8CDB7360}
		{4861177D-BFCF-4A38-AC61-F5AD0AD28A2E} = {38133F35-7BEA-4C0C-AA6E-50EE8CDB7360}
		{53CFC21A-A9F3-4A87-A55E-89FDFBFEBD03} = {38133F35-7BEA-4C0C-AA6E-50EE8CDB7360}
	EndGlobalSection
	GlobalSection(Performance) = preSolution
		HasPerformanceSessions = true
	EndGlobalSection
	GlobalSection(Performance) = preSolution
		HasPerformanceSessions = true
	EndGlobalSection
EndGlobal
