
Microsoft Visual Studio Solution File, Format Version 12.00
# Visual Studio 14
VisualStudioVersion = 14.0.25420.1
MinimumVisualStudioVersion = 10.0.40219.1
Project("{2150E333-8FDC-42A3-9474-1A3956D46DE8}") = "src", "src", "{38133F35-7BEA-4C0C-AA6E-50EE8CDB7360}"
EndProject
Project("{2150E333-8FDC-42A3-9474-1A3956D46DE8}") = "Solution Items", "Solution Items", "{9F929A59-25F0-40ED-A49C-515B0DE527BF}"
	ProjectSection(SolutionItems) = preProject
		global.json = global.json
		Pack.ps1 = Pack.ps1
		Versions.ps1 = Versions.ps1
	EndProjectSection
EndProject
Project("{8BB2217D-0F2D-49D1-97BC-3654ED321F3B}") = "Pattern.Core.Interfaces", "src\Pattern.Core.Interfaces\Pattern.Core.Interfaces.xproj", "{8217713E-18AE-4E07-BD2E-0DE15B0862E1}"
EndProject
Project("{8BB2217D-0F2D-49D1-97BC-3654ED321F3B}") = "Pattern.Core", "src\Pattern.Core\Pattern.Core.xproj", "{57928168-EC93-445C-AE2B-556E14A3B686}"
EndProject
Project("{2150E333-8FDC-42A3-9474-1A3956D46DE8}") = "tests", "tests", "{6E44F257-F107-4287-9026-48BAE6CC41E5}"
EndProject
Project("{8BB2217D-0F2D-49D1-97BC-3654ED321F3B}") = "Pattern.Core.Tests", "tests\Pattern.Core.Tests\Pattern.Core.Tests.xproj", "{A7238762-C0A1-4B5B-A1B0-C9195E555561}"
EndProject
Global
	GlobalSection(SolutionConfigurationPlatforms) = preSolution
		Debug|Any CPU = Debug|Any CPU
		Release|Any CPU = Release|Any CPU
	EndGlobalSection
	GlobalSection(ProjectConfigurationPlatforms) = postSolution
		{8217713E-18AE-4E07-BD2E-0DE15B0862E1}.Debug|Any CPU.ActiveCfg = Debug|Any CPU
		{8217713E-18AE-4E07-BD2E-0DE15B0862E1}.Debug|Any CPU.Build.0 = Debug|Any CPU
		{8217713E-18AE-4E07-BD2E-0DE15B0862E1}.Release|Any CPU.ActiveCfg = Release|Any CPU
		{8217713E-18AE-4E07-BD2E-0DE15B0862E1}.Release|Any CPU.Build.0 = Release|Any CPU
		{57928168-EC93-445C-AE2B-556E14A3B686}.Debug|Any CPU.ActiveCfg = Debug|Any CPU
		{57928168-EC93-445C-AE2B-556E14A3B686}.Debug|Any CPU.Build.0 = Debug|Any CPU
		{57928168-EC93-445C-AE2B-556E14A3B686}.Release|Any CPU.ActiveCfg = Release|Any CPU
		{57928168-EC93-445C-AE2B-556E14A3B686}.Release|Any CPU.Build.0 = Release|Any CPU
		{A7238762-C0A1-4B5B-A1B0-C9195E555561}.Debug|Any CPU.ActiveCfg = Debug|Any CPU
		{A7238762-C0A1-4B5B-A1B0-C9195E555561}.Debug|Any CPU.Build.0 = Debug|Any CPU
		{A7238762-C0A1-4B5B-A1B0-C9195E555561}.Release|Any CPU.ActiveCfg = Release|Any CPU
		{A7238762-C0A1-4B5B-A1B0-C9195E555561}.Release|Any CPU.Build.0 = Release|Any CPU
	EndGlobalSection
	GlobalSection(SolutionProperties) = preSolution
		HideSolutionNode = FALSE
	EndGlobalSection
	GlobalSection(NestedProjects) = preSolution
		{8217713E-18AE-4E07-BD2E-0DE15B0862E1} = {38133F35-7BEA-4C0C-AA6E-50EE8CDB7360}
		{57928168-EC93-445C-AE2B-556E14A3B686} = {38133F35-7BEA-4C0C-AA6E-50EE8CDB7360}
		{A7238762-C0A1-4B5B-A1B0-C9195E555561} = {6E44F257-F107-4287-9026-48BAE6CC41E5}
	EndGlobalSection
EndGlobal
