
Microsoft Visual Studio Solution File, Format Version 12.00
# Visual Studio 15
VisualStudioVersion = 15.0.25928.0
MinimumVisualStudioVersion = 10.0.40219.1
Project("{2150E333-8FDC-42A3-9474-1A3956D46DE8}") = "src", "src", "{38133F35-7BEA-4C0C-AA6E-50EE8CDB7360}"
EndProject
Project("{2150E333-8FDC-42A3-9474-1A3956D46DE8}") = "Solution Items", "Solution Items", "{9F929A59-25F0-40ED-A49C-515B0DE527BF}"
	ProjectSection(SolutionItems) = preProject
		global.json = global.json
		Pack.ps1 = Pack.ps1
		README.md = README.md
		Versions.ps1 = Versions.ps1
	EndProjectSection
EndProject
Project("{2150E333-8FDC-42A3-9474-1A3956D46DE8}") = "tests", "tests", "{6E44F257-F107-4287-9026-48BAE6CC41E5}"
EndProject
Project("{9A19103F-16F7-4668-BE54-9A1E7A4F7556}") = "Pattern.Core", "src\Pattern.Core\Pattern.Core.csproj", "{3A451DC6-7B3A-4000-BD3F-222ACF463E94}"
EndProject
Project("{9A19103F-16F7-4668-BE54-9A1E7A4F7556}") = "Pattern.Config", "src\Pattern.Config\Pattern.Config.csproj", "{12A8B944-08CF-4341-9CB2-81004BC2B97F}"
EndProject
Project("{9A19103F-16F7-4668-BE54-9A1E7A4F7556}") = "Pattern.Core.Interfaces", "src\Pattern.Core.Interfaces\Pattern.Core.Interfaces.csproj", "{83438130-B295-41BF-A473-82C9F8F1D321}"
EndProject
Project("{9A19103F-16F7-4668-BE54-9A1E7A4F7556}") = "Pattern.Core.Ninject", "src\Pattern.Core.Ninject\Pattern.Core.Ninject.csproj", "{8E33601C-F407-45DD-AF11-30BBDA4F4616}"
EndProject
Project("{9A19103F-16F7-4668-BE54-9A1E7A4F7556}") = "Pattern.Logging", "src\Pattern.Logging\Pattern.Logging.csproj", "{8BEF5A1E-9895-432E-9E0F-8F381405EFB5}"
EndProject
Project("{9A19103F-16F7-4668-BE54-9A1E7A4F7556}") = "Pattern.Logging.Log4net", "src\Pattern.Logging.Log4net\Pattern.Logging.Log4net.csproj", "{58D5FB76-A9AC-4C32-A2FB-B1F331962643}"
EndProject
Project("{9A19103F-16F7-4668-BE54-9A1E7A4F7556}") = "Pattern.Config.Tests", "tests\Pattern.Config.Tests\Pattern.Config.Tests.csproj", "{C74BEF6F-CE96-4DF8-A83D-CC2D62A30179}"
EndProject
Project("{9A19103F-16F7-4668-BE54-9A1E7A4F7556}") = "Pattern.Core.Tests", "tests\Pattern.Core.Tests\Pattern.Core.Tests.csproj", "{642F842D-0336-4C9E-A48B-478FB82F4207}"
EndProject
Global
	GlobalSection(SolutionConfigurationPlatforms) = preSolution
		Debug|Any CPU = Debug|Any CPU
		Debug|x64 = Debug|x64
		Debug|x86 = Debug|x86
		Release|Any CPU = Release|Any CPU
		Release|x64 = Release|x64
		Release|x86 = Release|x86
	EndGlobalSection
	GlobalSection(ProjectConfigurationPlatforms) = postSolution
		{3A451DC6-7B3A-4000-BD3F-222ACF463E94}.Debug|Any CPU.ActiveCfg = Debug|Any CPU
		{3A451DC6-7B3A-4000-BD3F-222ACF463E94}.Debug|Any CPU.Build.0 = Debug|Any CPU
		{3A451DC6-7B3A-4000-BD3F-222ACF463E94}.Debug|x64.ActiveCfg = Debug|x64
		{3A451DC6-7B3A-4000-BD3F-222ACF463E94}.Debug|x64.Build.0 = Debug|x64
		{3A451DC6-7B3A-4000-BD3F-222ACF463E94}.Debug|x86.ActiveCfg = Debug|x86
		{3A451DC6-7B3A-4000-BD3F-222ACF463E94}.Debug|x86.Build.0 = Debug|x86
		{3A451DC6-7B3A-4000-BD3F-222ACF463E94}.Release|Any CPU.ActiveCfg = Release|Any CPU
		{3A451DC6-7B3A-4000-BD3F-222ACF463E94}.Release|Any CPU.Build.0 = Release|Any CPU
		{3A451DC6-7B3A-4000-BD3F-222ACF463E94}.Release|x64.ActiveCfg = Release|x64
		{3A451DC6-7B3A-4000-BD3F-222ACF463E94}.Release|x64.Build.0 = Release|x64
		{3A451DC6-7B3A-4000-BD3F-222ACF463E94}.Release|x86.ActiveCfg = Release|x86
		{3A451DC6-7B3A-4000-BD3F-222ACF463E94}.Release|x86.Build.0 = Release|x86
		{12A8B944-08CF-4341-9CB2-81004BC2B97F}.Debug|Any CPU.ActiveCfg = Debug|Any CPU
		{12A8B944-08CF-4341-9CB2-81004BC2B97F}.Debug|Any CPU.Build.0 = Debug|Any CPU
		{12A8B944-08CF-4341-9CB2-81004BC2B97F}.Debug|x64.ActiveCfg = Debug|x64
		{12A8B944-08CF-4341-9CB2-81004BC2B97F}.Debug|x64.Build.0 = Debug|x64
		{12A8B944-08CF-4341-9CB2-81004BC2B97F}.Debug|x86.ActiveCfg = Debug|x86
		{12A8B944-08CF-4341-9CB2-81004BC2B97F}.Debug|x86.Build.0 = Debug|x86
		{12A8B944-08CF-4341-9CB2-81004BC2B97F}.Release|Any CPU.ActiveCfg = Release|Any CPU
		{12A8B944-08CF-4341-9CB2-81004BC2B97F}.Release|Any CPU.Build.0 = Release|Any CPU
		{12A8B944-08CF-4341-9CB2-81004BC2B97F}.Release|x64.ActiveCfg = Release|x64
		{12A8B944-08CF-4341-9CB2-81004BC2B97F}.Release|x64.Build.0 = Release|x64
		{12A8B944-08CF-4341-9CB2-81004BC2B97F}.Release|x86.ActiveCfg = Release|x86
		{12A8B944-08CF-4341-9CB2-81004BC2B97F}.Release|x86.Build.0 = Release|x86
		{83438130-B295-41BF-A473-82C9F8F1D321}.Debug|Any CPU.ActiveCfg = Debug|Any CPU
		{83438130-B295-41BF-A473-82C9F8F1D321}.Debug|Any CPU.Build.0 = Debug|Any CPU
		{83438130-B295-41BF-A473-82C9F8F1D321}.Debug|x64.ActiveCfg = Debug|x64
		{83438130-B295-41BF-A473-82C9F8F1D321}.Debug|x64.Build.0 = Debug|x64
		{83438130-B295-41BF-A473-82C9F8F1D321}.Debug|x86.ActiveCfg = Debug|x86
		{83438130-B295-41BF-A473-82C9F8F1D321}.Debug|x86.Build.0 = Debug|x86
		{83438130-B295-41BF-A473-82C9F8F1D321}.Release|Any CPU.ActiveCfg = Release|Any CPU
		{83438130-B295-41BF-A473-82C9F8F1D321}.Release|Any CPU.Build.0 = Release|Any CPU
		{83438130-B295-41BF-A473-82C9F8F1D321}.Release|x64.ActiveCfg = Release|x64
		{83438130-B295-41BF-A473-82C9F8F1D321}.Release|x64.Build.0 = Release|x64
		{83438130-B295-41BF-A473-82C9F8F1D321}.Release|x86.ActiveCfg = Release|x86
		{83438130-B295-41BF-A473-82C9F8F1D321}.Release|x86.Build.0 = Release|x86
		{8E33601C-F407-45DD-AF11-30BBDA4F4616}.Debug|Any CPU.ActiveCfg = Release|Any CPU
		{8E33601C-F407-45DD-AF11-30BBDA4F4616}.Debug|Any CPU.Build.0 = Release|Any CPU
		{8E33601C-F407-45DD-AF11-30BBDA4F4616}.Debug|x64.ActiveCfg = Release|Any CPU
		{8E33601C-F407-45DD-AF11-30BBDA4F4616}.Debug|x64.Build.0 = Release|Any CPU
		{8E33601C-F407-45DD-AF11-30BBDA4F4616}.Debug|x86.ActiveCfg = Release|Any CPU
		{8E33601C-F407-45DD-AF11-30BBDA4F4616}.Debug|x86.Build.0 = Release|Any CPU
		{8E33601C-F407-45DD-AF11-30BBDA4F4616}.Release|Any CPU.ActiveCfg = Release|Any CPU
		{8E33601C-F407-45DD-AF11-30BBDA4F4616}.Release|Any CPU.Build.0 = Release|Any CPU
		{8E33601C-F407-45DD-AF11-30BBDA4F4616}.Release|x64.ActiveCfg = Release|Any CPU
		{8E33601C-F407-45DD-AF11-30BBDA4F4616}.Release|x64.Build.0 = Release|Any CPU
		{8E33601C-F407-45DD-AF11-30BBDA4F4616}.Release|x86.ActiveCfg = Release|Any CPU
		{8E33601C-F407-45DD-AF11-30BBDA4F4616}.Release|x86.Build.0 = Release|Any CPU
		{8BEF5A1E-9895-432E-9E0F-8F381405EFB5}.Debug|Any CPU.ActiveCfg = Debug|Any CPU
		{8BEF5A1E-9895-432E-9E0F-8F381405EFB5}.Debug|Any CPU.Build.0 = Debug|Any CPU
		{8BEF5A1E-9895-432E-9E0F-8F381405EFB5}.Debug|x64.ActiveCfg = Debug|x64
		{8BEF5A1E-9895-432E-9E0F-8F381405EFB5}.Debug|x64.Build.0 = Debug|x64
		{8BEF5A1E-9895-432E-9E0F-8F381405EFB5}.Debug|x86.ActiveCfg = Debug|x86
		{8BEF5A1E-9895-432E-9E0F-8F381405EFB5}.Debug|x86.Build.0 = Debug|x86
		{8BEF5A1E-9895-432E-9E0F-8F381405EFB5}.Release|Any CPU.ActiveCfg = Release|Any CPU
		{8BEF5A1E-9895-432E-9E0F-8F381405EFB5}.Release|Any CPU.Build.0 = Release|Any CPU
		{8BEF5A1E-9895-432E-9E0F-8F381405EFB5}.Release|x64.ActiveCfg = Release|x64
		{8BEF5A1E-9895-432E-9E0F-8F381405EFB5}.Release|x64.Build.0 = Release|x64
		{8BEF5A1E-9895-432E-9E0F-8F381405EFB5}.Release|x86.ActiveCfg = Release|x86
		{8BEF5A1E-9895-432E-9E0F-8F381405EFB5}.Release|x86.Build.0 = Release|x86
		{58D5FB76-A9AC-4C32-A2FB-B1F331962643}.Debug|Any CPU.ActiveCfg = Debug|Any CPU
		{58D5FB76-A9AC-4C32-A2FB-B1F331962643}.Debug|Any CPU.Build.0 = Debug|Any CPU
		{58D5FB76-A9AC-4C32-A2FB-B1F331962643}.Debug|x64.ActiveCfg = Debug|x64
		{58D5FB76-A9AC-4C32-A2FB-B1F331962643}.Debug|x64.Build.0 = Debug|x64
		{58D5FB76-A9AC-4C32-A2FB-B1F331962643}.Debug|x86.ActiveCfg = Debug|x86
		{58D5FB76-A9AC-4C32-A2FB-B1F331962643}.Debug|x86.Build.0 = Debug|x86
		{58D5FB76-A9AC-4C32-A2FB-B1F331962643}.Release|Any CPU.ActiveCfg = Release|Any CPU
		{58D5FB76-A9AC-4C32-A2FB-B1F331962643}.Release|Any CPU.Build.0 = Release|Any CPU
		{58D5FB76-A9AC-4C32-A2FB-B1F331962643}.Release|x64.ActiveCfg = Release|x64
		{58D5FB76-A9AC-4C32-A2FB-B1F331962643}.Release|x64.Build.0 = Release|x64
		{58D5FB76-A9AC-4C32-A2FB-B1F331962643}.Release|x86.ActiveCfg = Release|x86
		{58D5FB76-A9AC-4C32-A2FB-B1F331962643}.Release|x86.Build.0 = Release|x86
		{C74BEF6F-CE96-4DF8-A83D-CC2D62A30179}.Debug|Any CPU.ActiveCfg = Debug|Any CPU
		{C74BEF6F-CE96-4DF8-A83D-CC2D62A30179}.Debug|Any CPU.Build.0 = Debug|Any CPU
		{C74BEF6F-CE96-4DF8-A83D-CC2D62A30179}.Debug|x64.ActiveCfg = Debug|x64
		{C74BEF6F-CE96-4DF8-A83D-CC2D62A30179}.Debug|x64.Build.0 = Debug|x64
		{C74BEF6F-CE96-4DF8-A83D-CC2D62A30179}.Debug|x86.ActiveCfg = Debug|x86
		{C74BEF6F-CE96-4DF8-A83D-CC2D62A30179}.Debug|x86.Build.0 = Debug|x86
		{C74BEF6F-CE96-4DF8-A83D-CC2D62A30179}.Release|Any CPU.ActiveCfg = Release|Any CPU
		{C74BEF6F-CE96-4DF8-A83D-CC2D62A30179}.Release|Any CPU.Build.0 = Release|Any CPU
		{C74BEF6F-CE96-4DF8-A83D-CC2D62A30179}.Release|x64.ActiveCfg = Release|x64
		{C74BEF6F-CE96-4DF8-A83D-CC2D62A30179}.Release|x64.Build.0 = Release|x64
		{C74BEF6F-CE96-4DF8-A83D-CC2D62A30179}.Release|x86.ActiveCfg = Release|x86
		{C74BEF6F-CE96-4DF8-A83D-CC2D62A30179}.Release|x86.Build.0 = Release|x86
		{642F842D-0336-4C9E-A48B-478FB82F4207}.Debug|Any CPU.ActiveCfg = Debug|Any CPU
		{642F842D-0336-4C9E-A48B-478FB82F4207}.Debug|Any CPU.Build.0 = Debug|Any CPU
		{642F842D-0336-4C9E-A48B-478FB82F4207}.Debug|x64.ActiveCfg = Debug|x64
		{642F842D-0336-4C9E-A48B-478FB82F4207}.Debug|x64.Build.0 = Debug|x64
		{642F842D-0336-4C9E-A48B-478FB82F4207}.Debug|x86.ActiveCfg = Debug|x86
		{642F842D-0336-4C9E-A48B-478FB82F4207}.Debug|x86.Build.0 = Debug|x86
		{642F842D-0336-4C9E-A48B-478FB82F4207}.Release|Any CPU.ActiveCfg = Release|Any CPU
		{642F842D-0336-4C9E-A48B-478FB82F4207}.Release|Any CPU.Build.0 = Release|Any CPU
		{642F842D-0336-4C9E-A48B-478FB82F4207}.Release|x64.ActiveCfg = Release|x64
		{642F842D-0336-4C9E-A48B-478FB82F4207}.Release|x64.Build.0 = Release|x64
		{642F842D-0336-4C9E-A48B-478FB82F4207}.Release|x86.ActiveCfg = Release|x86
		{642F842D-0336-4C9E-A48B-478FB82F4207}.Release|x86.Build.0 = Release|x86
	EndGlobalSection
	GlobalSection(SolutionProperties) = preSolution
		HideSolutionNode = FALSE
	EndGlobalSection
	GlobalSection(NestedProjects) = preSolution
		{3A451DC6-7B3A-4000-BD3F-222ACF463E94} = {38133F35-7BEA-4C0C-AA6E-50EE8CDB7360}
		{12A8B944-08CF-4341-9CB2-81004BC2B97F} = {38133F35-7BEA-4C0C-AA6E-50EE8CDB7360}
		{83438130-B295-41BF-A473-82C9F8F1D321} = {38133F35-7BEA-4C0C-AA6E-50EE8CDB7360}
		{8E33601C-F407-45DD-AF11-30BBDA4F4616} = {38133F35-7BEA-4C0C-AA6E-50EE8CDB7360}
		{8BEF5A1E-9895-432E-9E0F-8F381405EFB5} = {38133F35-7BEA-4C0C-AA6E-50EE8CDB7360}
		{58D5FB76-A9AC-4C32-A2FB-B1F331962643} = {38133F35-7BEA-4C0C-AA6E-50EE8CDB7360}
		{C74BEF6F-CE96-4DF8-A83D-CC2D62A30179} = {6E44F257-F107-4287-9026-48BAE6CC41E5}
		{642F842D-0336-4C9E-A48B-478FB82F4207} = {6E44F257-F107-4287-9026-48BAE6CC41E5}
	EndGlobalSection
EndGlobal
